// !$*UTF8*$!
{
	archiveVersion = 1;
	classes = {
	};
	objectVersion = 56;
	objects = {

/* Begin PBXBuildFile section */
		6484EFFC299A962D0029D5BB /* AppDelegate.swift in Sources */ = {isa = PBXBuildFile; fileRef = 6484EFFB299A962D0029D5BB /* AppDelegate.swift */; };
		6484EFFE299A962D0029D5BB /* SceneDelegate.swift in Sources */ = {isa = PBXBuildFile; fileRef = 6484EFFD299A962D0029D5BB /* SceneDelegate.swift */; };
		6484F000299A962D0029D5BB /* ViewController.swift in Sources */ = {isa = PBXBuildFile; fileRef = 6484EFFF299A962D0029D5BB /* ViewController.swift */; };
		6484F003299A962D0029D5BB /* Main.storyboard in Resources */ = {isa = PBXBuildFile; fileRef = 6484F001299A962D0029D5BB /* Main.storyboard */; };
		6484F005299A962F0029D5BB /* Assets.xcassets in Resources */ = {isa = PBXBuildFile; fileRef = 6484F004299A962F0029D5BB /* Assets.xcassets */; };
		6484F008299A962F0029D5BB /* LaunchScreen.storyboard in Resources */ = {isa = PBXBuildFile; fileRef = 6484F006299A962F0029D5BB /* LaunchScreen.storyboard */; };
		6484F011299A96550029D5BB /* AView.swift in Sources */ = {isa = PBXBuildFile; fileRef = 6484F010299A96550029D5BB /* AView.swift */; };
		6484F013299A9B540029D5BB /* ShareholderView.swift in Sources */ = {isa = PBXBuildFile; fileRef = 6484F012299A9B540029D5BB /* ShareholderView.swift */; };
		6484F016299AB8110029D5BB /* AWindow.swift in Sources */ = {isa = PBXBuildFile; fileRef = 6484F015299AB8110029D5BB /* AWindow.swift */; };
/* End PBXBuildFile section */

/* Begin PBXFileReference section */
		6484EFF8299A962D0029D5BB /* ui-reverse.app */ = {isa = PBXFileReference; explicitFileType = wrapper.application; includeInIndex = 0; path = "ui-reverse.app"; sourceTree = BUILT_PRODUCTS_DIR; };
		6484EFFB299A962D0029D5BB /* AppDelegate.swift */ = {isa = PBXFileReference; lastKnownFileType = sourcecode.swift; path = AppDelegate.swift; sourceTree = "<group>"; };
		6484EFFD299A962D0029D5BB /* SceneDelegate.swift */ = {isa = PBXFileReference; lastKnownFileType = sourcecode.swift; path = SceneDelegate.swift; sourceTree = "<group>"; };
		6484EFFF299A962D0029D5BB /* ViewController.swift */ = {isa = PBXFileReference; lastKnownFileType = sourcecode.swift; path = ViewController.swift; sourceTree = "<group>"; };
		6484F002299A962D0029D5BB /* Base */ = {isa = PBXFileReference; lastKnownFileType = file.storyboard; name = Base; path = Base.lproj/Main.storyboard; sourceTree = "<group>"; };
		6484F004299A962F0029D5BB /* Assets.xcassets */ = {isa = PBXFileReference; lastKnownFileType = folder.assetcatalog; path = Assets.xcassets; sourceTree = "<group>"; };
		6484F007299A962F0029D5BB /* Base */ = {isa = PBXFileReference; lastKnownFileType = file.storyboard; name = Base; path = Base.lproj/LaunchScreen.storyboard; sourceTree = "<group>"; };
		6484F009299A962F0029D5BB /* Info.plist */ = {isa = PBXFileReference; lastKnownFileType = text.plist.xml; path = Info.plist; sourceTree = "<group>"; };
		6484F010299A96550029D5BB /* AView.swift */ = {isa = PBXFileReference; lastKnownFileType = sourcecode.swift; path = AView.swift; sourceTree = "<group>"; };
		6484F012299A9B540029D5BB /* ShareholderView.swift */ = {isa = PBXFileReference; lastKnownFileType = sourcecode.swift; path = ShareholderView.swift; sourceTree = "<group>"; };
		6484F015299AB8110029D5BB /* AWindow.swift */ = {isa = PBXFileReference; lastKnownFileType = sourcecode.swift; path = AWindow.swift; sourceTree = "<group>"; };
/* End PBXFileReference section */

/* Begin PBXFrameworksBuildPhase section */
		6484EFF5299A962D0029D5BB /* Frameworks */ = {
			isa = PBXFrameworksBuildPhase;
			buildActionMask = 2147483647;
			files = (
			);
			runOnlyForDeploymentPostprocessing = 0;
		};
/* End PBXFrameworksBuildPhase section */

/* Begin PBXGroup section */
		6484EFEF299A962D0029D5BB = {
			isa = PBXGroup;
			children = (
				6484EFFA299A962D0029D5BB /* ui-reverse */,
				6484EFF9299A962D0029D5BB /* Products */,
			);
			sourceTree = "<group>";
		};
		6484EFF9299A962D0029D5BB /* Products */ = {
			isa = PBXGroup;
			children = (
				6484EFF8299A962D0029D5BB /* ui-reverse.app */,
			);
			name = Products;
			sourceTree = "<group>";
		};
		6484EFFA299A962D0029D5BB /* ui-reverse */ = {
			isa = PBXGroup;
			children = (
				6484F00F299A963B0029D5BB /* Core */,
				6484EFFB299A962D0029D5BB /* AppDelegate.swift */,
				6484F014299AB5FF0029D5BB /* Shareholder */,
				6484EFFD299A962D0029D5BB /* SceneDelegate.swift */,
				6484EFFF299A962D0029D5BB /* ViewController.swift */,
				6484F001299A962D0029D5BB /* Main.storyboard */,
				6484F004299A962F0029D5BB /* Assets.xcassets */,
				6484F006299A962F0029D5BB /* LaunchScreen.storyboard */,
				6484F009299A962F0029D5BB /* Info.plist */,
			);
			path = "ui-reverse";
			sourceTree = "<group>";
		};
		6484F00F299A963B0029D5BB /* Core */ = {
			isa = PBXGroup;
			children = (
				6484F010299A96550029D5BB /* AView.swift */,
				6484F015299AB8110029D5BB /* AWindow.swift */,
			);
			path = Core;
			sourceTree = "<group>";
		};
		6484F014299AB5FF0029D5BB /* Shareholder */ = {
			isa = PBXGroup;
			children = (
				6484F012299A9B540029D5BB /* ShareholderView.swift */,
			);
			path = Shareholder;
			sourceTree = "<group>";
		};
/* End PBXGroup section */

/* Begin PBXNativeTarget section */
		6484EFF7299A962D0029D5BB /* ui-reverse */ = {
			isa = PBXNativeTarget;
			buildConfigurationList = 6484F00C299A962F0029D5BB /* Build configuration list for PBXNativeTarget "ui-reverse" */;
			buildPhases = (
				6484EFF4299A962D0029D5BB /* Sources */,
				6484EFF5299A962D0029D5BB /* Frameworks */,
				6484EFF6299A962D0029D5BB /* Resources */,
			);
			buildRules = (
			);
			dependencies = (
			);
			name = "ui-reverse";
			productName = "ui-reverse";
			productReference = 6484EFF8299A962D0029D5BB /* ui-reverse.app */;
			productType = "com.apple.product-type.application";
		};
/* End PBXNativeTarget section */

/* Begin PBXProject section */
		6484EFF0299A962D0029D5BB /* Project object */ = {
			isa = PBXProject;
			attributes = {
				BuildIndependentTargetsInParallel = 1;
				LastSwiftUpdateCheck = 1410;
				LastUpgradeCheck = 1410;
				TargetAttributes = {
					6484EFF7299A962D0029D5BB = {
						CreatedOnToolsVersion = 14.1;
					};
				};
			};
			buildConfigurationList = 6484EFF3299A962D0029D5BB /* Build configuration list for PBXProject "ui-reverse" */;
			compatibilityVersion = "Xcode 14.0";
			developmentRegion = en;
			hasScannedForEncodings = 0;
			knownRegions = (
				en,
				Base,
			);
			mainGroup = 6484EFEF299A962D0029D5BB;
			productRefGroup = 6484EFF9299A962D0029D5BB /* Products */;
			projectDirPath = "";
			projectRoot = "";
			targets = (
				6484EFF7299A962D0029D5BB /* ui-reverse */,
			);
		};
/* End PBXProject section */

/* Begin PBXResourcesBuildPhase section */
		6484EFF6299A962D0029D5BB /* Resources */ = {
			isa = PBXResourcesBuildPhase;
			buildActionMask = 2147483647;
			files = (
				6484F008299A962F0029D5BB /* LaunchScreen.storyboard in Resources */,
				6484F005299A962F0029D5BB /* Assets.xcassets in Resources */,
				6484F003299A962D0029D5BB /* Main.storyboard in Resources */,
			);
			runOnlyForDeploymentPostprocessing = 0;
		};
/* End PBXResourcesBuildPhase section */

/* Begin PBXSourcesBuildPhase section */
		6484EFF4299A962D0029D5BB /* Sources */ = {
			isa = PBXSourcesBuildPhase;
			buildActionMask = 2147483647;
			files = (
				6484F000299A962D0029D5BB /* ViewController.swift in Sources */,
				6484F016299AB8110029D5BB /* AWindow.swift in Sources */,
				6484EFFC299A962D0029D5BB /* AppDelegate.swift in Sources */,
				6484F011299A96550029D5BB /* AView.swift in Sources */,
				6484EFFE299A962D0029D5BB /* SceneDelegate.swift in Sources */,
				6484F013299A9B540029D5BB /* ShareholderView.swift in Sources */,
			);
			runOnlyForDeploymentPostprocessing = 0;
		};
/* End PBXSourcesBuildPhase section */

/* Begin PBXVariantGroup section */
		6484F001299A962D0029D5BB /* Main.storyboard */ = {
			isa = PBXVariantGroup;
			children = (
				6484F002299A962D0029D5BB /* Base */,
			);
			name = Main.storyboard;
			sourceTree = "<group>";
		};
		6484F006299A962F0029D5BB /* LaunchScreen.storyboard */ = {
			isa = PBXVariantGroup;
			children = (
				6484F007299A962F0029D5BB /* Base */,
			);
			name = LaunchScreen.storyboard;
			sourceTree = "<group>";
		};
/* End PBXVariantGroup section */

/* Begin XCBuildConfiguration section */
		6484F00A299A962F0029D5BB /* Debug */ = {
			isa = XCBuildConfiguration;
			buildSettings = {
				ALWAYS_SEARCH_USER_PATHS = NO;
				CLANG_ANALYZER_NONNULL = YES;
				CLANG_ANALYZER_NUMBER_OBJECT_CONVERSION = YES_AGGRESSIVE;
				CLANG_CXX_LANGUAGE_STANDARD = "gnu++20";
				CLANG_ENABLE_MODULES = YES;
				CLANG_ENABLE_OBJC_ARC = YES;
				CLANG_ENABLE_OBJC_WEAK = YES;
				CLANG_WARN_BLOCK_CAPTURE_AUTORELEASING = YES;
				CLANG_WARN_BOOL_CONVERSION = YES;
				CLANG_WARN_COMMA = YES;
				CLANG_WARN_CONSTANT_CONVERSION = YES;
				CLANG_WARN_DEPRECATED_OBJC_IMPLEMENTATIONS = YES;
				CLANG_WARN_DIRECT_OBJC_ISA_USAGE = YES_ERROR;
				CLANG_WARN_DOCUMENTATION_COMMENTS = YES;
				CLANG_WARN_EMPTY_BODY = YES;
				CLANG_WARN_ENUM_CONVERSION = YES;
				CLANG_WARN_INFINITE_RECURSION = YES;
				CLANG_WARN_INT_CONVERSION = YES;
				CLANG_WARN_NON_LITERAL_NULL_CONVERSION = YES;
				CLANG_WARN_OBJC_IMPLICIT_RETAIN_SELF = YES;
				CLANG_WARN_OBJC_LITERAL_CONVERSION = YES;
				CLANG_WARN_OBJC_ROOT_CLASS = YES_ERROR;
				CLANG_WARN_QUOTED_INCLUDE_IN_FRAMEWORK_HEADER = YES;
				CLANG_WARN_RANGE_LOOP_ANALYSIS = YES;
				CLANG_WARN_STRICT_PROTOTYPES = YES;
				CLANG_WARN_SUSPICIOUS_MOVE = YES;
				CLANG_WARN_UNGUARDED_AVAILABILITY = YES_AGGRESSIVE;
				CLANG_WARN_UNREACHABLE_CODE = YES;
				CLANG_WARN__DUPLICATE_METHOD_MATCH = YES;
				COPY_PHASE_STRIP = NO;
				DEBUG_INFORMATION_FORMAT = dwarf;
				ENABLE_STRICT_OBJC_MSGSEND = YES;
				ENABLE_TESTABILITY = YES;
				GCC_C_LANGUAGE_STANDARD = gnu11;
				GCC_DYNAMIC_NO_PIC = NO;
				GCC_NO_COMMON_BLOCKS = YES;
				GCC_OPTIMIZATION_LEVEL = 0;
				GCC_PREPROCESSOR_DEFINITIONS = (
					"DEBUG=1",
					"$(inherited)",
				);
				GCC_WARN_64_TO_32_BIT_CONVERSION = YES;
				GCC_WARN_ABOUT_RETURN_TYPE = YES_ERROR;
				GCC_WARN_UNDECLARED_SELECTOR = YES;
				GCC_WARN_UNINITIALIZED_AUTOS = YES_AGGRESSIVE;
				GCC_WARN_UNUSED_FUNCTION = YES;
				GCC_WARN_UNUSED_VARIABLE = YES;
				IPHONEOS_DEPLOYMENT_TARGET = 16.1;
				MTL_ENABLE_DEBUG_INFO = INCLUDE_SOURCE;
				MTL_FAST_MATH = YES;
				ONLY_ACTIVE_ARCH = YES;
				SDKROOT = iphoneos;
				SWIFT_ACTIVE_COMPILATION_CONDITIONS = DEBUG;
				SWIFT_OPTIMIZATION_LEVEL = "-Onone";
			};
			name = Debug;
		};
		6484F00B299A962F0029D5BB /* Release */ = {
			isa = XCBuildConfiguration;
			buildSettings = {
				ALWAYS_SEARCH_USER_PATHS = NO;
				CLANG_ANALYZER_NONNULL = YES;
				CLANG_ANALYZER_NUMBER_OBJECT_CONVERSION = YES_AGGRESSIVE;
				CLANG_CXX_LANGUAGE_STANDARD = "gnu++20";
				CLANG_ENABLE_MODULES = YES;
				CLANG_ENABLE_OBJC_ARC = YES;
				CLANG_ENABLE_OBJC_WEAK = YES;
				CLANG_WARN_BLOCK_CAPTURE_AUTORELEASING = YES;
				CLANG_WARN_BOOL_CONVERSION = YES;
				CLANG_WARN_COMMA = YES;
				CLANG_WARN_CONSTANT_CONVERSION = YES;
				CLANG_WARN_DEPRECATED_OBJC_IMPLEMENTATIONS = YES;
				CLANG_WARN_DIRECT_OBJC_ISA_USAGE = YES_ERROR;
				CLANG_WARN_DOCUMENTATION_COMMENTS = YES;
				CLANG_WARN_EMPTY_BODY = YES;
				CLANG_WARN_ENUM_CONVERSION = YES;
				CLANG_WARN_INFINITE_RECURSION = YES;
				CLANG_WARN_INT_CONVERSION = YES;
				CLANG_WARN_NON_LITERAL_NULL_CONVERSION = YES;
				CLANG_WARN_OBJC_IMPLICIT_RETAIN_SELF = YES;
				CLANG_WARN_OBJC_LITERAL_CONVERSION = YES;
				CLANG_WARN_OBJC_ROOT_CLASS = YES_ERROR;
				CLANG_WARN_QUOTED_INCLUDE_IN_FRAMEWORK_HEADER = YES;
				CLANG_WARN_RANGE_LOOP_ANALYSIS = YES;
				CLANG_WARN_STRICT_PROTOTYPES = YES;
				CLANG_WARN_SUSPICIOUS_MOVE = YES;
				CLANG_WARN_UNGUARDED_AVAILABILITY = YES_AGGRESSIVE;
				CLANG_WARN_UNREACHABLE_CODE = YES;
				CLANG_WARN__DUPLICATE_METHOD_MATCH = YES;
				COPY_PHASE_STRIP = NO;
				DEBUG_INFORMATION_FORMAT = "dwarf-with-dsym";
				ENABLE_NS_ASSERTIONS = NO;
				ENABLE_STRICT_OBJC_MSGSEND = YES;
				GCC_C_LANGUAGE_STANDARD = gnu11;
				GCC_NO_COMMON_BLOCKS = YES;
				GCC_WARN_64_TO_32_BIT_CONVERSION = YES;
				GCC_WARN_ABOUT_RETURN_TYPE = YES_ERROR;
				GCC_WARN_UNDECLARED_SELECTOR = YES;
				GCC_WARN_UNINITIALIZED_AUTOS = YES_AGGRESSIVE;
				GCC_WARN_UNUSED_FUNCTION = YES;
				GCC_WARN_UNUSED_VARIABLE = YES;
				IPHONEOS_DEPLOYMENT_TARGET = 16.1;
				MTL_ENABLE_DEBUG_INFO = NO;
				MTL_FAST_MATH = YES;
				SDKROOT = iphoneos;
				SWIFT_COMPILATION_MODE = wholemodule;
				SWIFT_OPTIMIZATION_LEVEL = "-O";
				VALIDATE_PRODUCT = YES;
			};
			name = Release;
		};
		6484F00D299A962F0029D5BB /* Debug */ = {
			isa = XCBuildConfiguration;
			buildSettings = {
				ASSETCATALOG_COMPILER_APPICON_NAME = AppIcon;
				ASSETCATALOG_COMPILER_GLOBAL_ACCENT_COLOR_NAME = AccentColor;
				CODE_SIGN_STYLE = Automatic;
				CURRENT_PROJECT_VERSION = 1;
				DEVELOPMENT_TEAM = 4Y56ZWW65V;
				GENERATE_INFOPLIST_FILE = YES;
				INFOPLIST_FILE = "ui-reverse/Info.plist";
				INFOPLIST_KEY_UIApplicationSupportsIndirectInputEvents = YES;
				INFOPLIST_KEY_UILaunchStoryboardName = LaunchScreen;
				INFOPLIST_KEY_UIMainStoryboardFile = Main;
				INFOPLIST_KEY_UISupportedInterfaceOrientations_iPad = "UIInterfaceOrientationPortrait UIInterfaceOrientationPortraitUpsideDown UIInterfaceOrientationLandscapeLeft UIInterfaceOrientationLandscapeRight";
				INFOPLIST_KEY_UISupportedInterfaceOrientations_iPhone = "UIInterfaceOrientationPortrait UIInterfaceOrientationLandscapeLeft UIInterfaceOrientationLandscapeRight";
				LD_RUNPATH_SEARCH_PATHS = (
					"$(inherited)",
					"@executable_path/Frameworks",
				);
				MARKETING_VERSION = 1.0;
				PRODUCT_BUNDLE_IDENTIFIER = "ru.vladz.ui-reverse";
				PRODUCT_NAME = "$(TARGET_NAME)";
				SWIFT_EMIT_LOC_STRINGS = YES;
				SWIFT_VERSION = 5.0;
				TARGETED_DEVICE_FAMILY = "1,2";
			};
			name = Debug;
		};
		6484F00E299A962F0029D5BB /* Release */ = {
			isa = XCBuildConfiguration;
			buildSettings = {
				ASSETCATALOG_COMPILER_APPICON_NAME = AppIcon;
				ASSETCATALOG_COMPILER_GLOBAL_ACCENT_COLOR_NAME = AccentColor;
				CODE_SIGN_STYLE = Automatic;
				CURRENT_PROJECT_VERSION = 1;
				DEVELOPMENT_TEAM = 4Y56ZWW65V;
				GENERATE_INFOPLIST_FILE = YES;
				INFOPLIST_FILE = "ui-reverse/Info.plist";
				INFOPLIST_KEY_UIApplicationSupportsIndirectInputEvents = YES;
				INFOPLIST_KEY_UILaunchStoryboardName = LaunchScreen;
				INFOPLIST_KEY_UIMainStoryboardFile = Main;
				INFOPLIST_KEY_UISupportedInterfaceOrientations_iPad = "UIInterfaceOrientationPortrait UIInterfaceOrientationPortraitUpsideDown UIInterfaceOrientationLandscapeLeft UIInterfaceOrientationLandscapeRight";
				INFOPLIST_KEY_UISupportedInterfaceOrientations_iPhone = "UIInterfaceOrientationPortrait UIInterfaceOrientationLandscapeLeft UIInterfaceOrientationLandscapeRight";
				LD_RUNPATH_SEARCH_PATHS = (
					"$(inherited)",
					"@executable_path/Frameworks",
				);
				MARKETING_VERSION = 1.0;
				PRODUCT_BUNDLE_IDENTIFIER = "ru.vladz.ui-reverse";
				PRODUCT_NAME = "$(TARGET_NAME)";
				SWIFT_EMIT_LOC_STRINGS = YES;
				SWIFT_VERSION = 5.0;
				TARGETED_DEVICE_FAMILY = "1,2";
			};
			name = Release;
		};
/* End XCBuildConfiguration section */

/* Begin XCConfigurationList section */
		6484EFF3299A962D0029D5BB /* Build configuration list for PBXProject "ui-reverse" */ = {
			isa = XCConfigurationList;
			buildConfigurations = (
				6484F00A299A962F0029D5BB /* Debug */,
				6484F00B299A962F0029D5BB /* Release */,
			);
			defaultConfigurationIsVisible = 0;
			defaultConfigurationName = Release;
		};
		6484F00C299A962F0029D5BB /* Build configuration list for PBXNativeTarget "ui-reverse" */ = {
			isa = XCConfigurationList;
			buildConfigurations = (
				6484F00D299A962F0029D5BB /* Debug */,
				6484F00E299A962F0029D5BB /* Release */,
			);
			defaultConfigurationIsVisible = 0;
			defaultConfigurationName = Release;
		};
/* End XCConfigurationList section */
	};
	rootObject = 6484EFF0299A962D0029D5BB /* Project object */;
}
